
Microsoft Visual Studio Solution File, Format Version 11.00
# Visual Studio 2010
Project("{8BC9CEB8-8B4A-11D0-8D11-00A0C91BC942}") = "test16", "test16\test16.vcxproj", "{35180E5F-21FA-445B-B11E-184F59E35945}"
EndProject
Global
	GlobalSection(SolutionConfigurationPlatforms) = preSolution
		Debug|Win32 = Debug|Win32
		Release|Win32 = Release|Win32
	EndGlobalSection
	GlobalSection(ProjectConfigurationPlatforms) = postSolution
		{35180E5F-21FA-445B-B11E-184F59E35945}.Debug|Win32.ActiveCfg = Debug|Win32
		{35180E5F-21FA-445B-B11E-184F59E35945}.Debug|Win32.Build.0 = Debug|Win32
		{35180E5F-21FA-445B-B11E-184F59E35945}.Release|Win32.ActiveCfg = Release|Win32
		{35180E5F-21FA-445B-B11E-184F59E35945}.Release|Win32.Build.0 = Release|Win32
	EndGlobalSection
	GlobalSection(SolutionProperties) = preSolution
		HideSolutionNode = FALSE
	EndGlobalSection
EndGlobal
