
Microsoft Visual Studio Solution File, Format Version 11.00
# Visual Studio 2010
Project("{8BC9CEB8-8B4A-11D0-8D11-00A0C91BC942}") = "test17", "test17\test17.vcxproj", "{4758184D-B6ED-4396-AF82-8DFBF10F11F2}"
EndProject
Global
	GlobalSection(SolutionConfigurationPlatforms) = preSolution
		Debug|Win32 = Debug|Win32
		Release|Win32 = Release|Win32
	EndGlobalSection
	GlobalSection(ProjectConfigurationPlatforms) = postSolution
		{4758184D-B6ED-4396-AF82-8DFBF10F11F2}.Debug|Win32.ActiveCfg = Debug|Win32
		{4758184D-B6ED-4396-AF82-8DFBF10F11F2}.Debug|Win32.Build.0 = Debug|Win32
		{4758184D-B6ED-4396-AF82-8DFBF10F11F2}.Release|Win32.ActiveCfg = Release|Win32
		{4758184D-B6ED-4396-AF82-8DFBF10F11F2}.Release|Win32.Build.0 = Release|Win32
	EndGlobalSection
	GlobalSection(SolutionProperties) = preSolution
		HideSolutionNode = FALSE
	EndGlobalSection
EndGlobal
