
Microsoft Visual Studio Solution File, Format Version 11.00
# Visual Studio 2010
Project("{8BC9CEB8-8B4A-11D0-8D11-00A0C91BC942}") = "text13", "text13\text13.vcxproj", "{84D46F8E-ACA5-4D5E-95BD-2D3057A08804}"
EndProject
Global
	GlobalSection(SolutionConfigurationPlatforms) = preSolution
		Debug|Win32 = Debug|Win32
		Release|Win32 = Release|Win32
	EndGlobalSection
	GlobalSection(ProjectConfigurationPlatforms) = postSolution
		{84D46F8E-ACA5-4D5E-95BD-2D3057A08804}.Debug|Win32.ActiveCfg = Debug|Win32
		{84D46F8E-ACA5-4D5E-95BD-2D3057A08804}.Debug|Win32.Build.0 = Debug|Win32
		{84D46F8E-ACA5-4D5E-95BD-2D3057A08804}.Release|Win32.ActiveCfg = Release|Win32
		{84D46F8E-ACA5-4D5E-95BD-2D3057A08804}.Release|Win32.Build.0 = Release|Win32
	EndGlobalSection
	GlobalSection(SolutionProperties) = preSolution
		HideSolutionNode = FALSE
	EndGlobalSection
EndGlobal
